// !$*UTF8*$!
{
	archiveVersion = 1;
	classes = {
	};
	objectVersion = 46;
	objects = {

/* Begin PBXBuildFile section */
		DFB45B881F68F2A200482FFE /* AppDelegate.swift in Sources */ = {isa = PBXBuildFile; fileRef = DFB45B871F68F2A200482FFE /* AppDelegate.swift */; };
		DFB45B8A1F68F2A200482FFE /* ViewController.swift in Sources */ = {isa = PBXBuildFile; fileRef = DFB45B891F68F2A200482FFE /* ViewController.swift */; };
		DFB45B8D1F68F2A200482FFE /* Main.storyboard in Resources */ = {isa = PBXBuildFile; fileRef = DFB45B8B1F68F2A200482FFE /* Main.storyboard */; };
		DFB45B8F1F68F2A200482FFE /* Assets.xcassets in Resources */ = {isa = PBXBuildFile; fileRef = DFB45B8E1F68F2A200482FFE /* Assets.xcassets */; };
		DFB45B921F68F2A200482FFE /* LaunchScreen.storyboard in Resources */ = {isa = PBXBuildFile; fileRef = DFB45B901F68F2A200482FFE /* LaunchScreen.storyboard */; };
/* End PBXBuildFile section */

/* Begin PBXFileReference section */
		DFB45B841F68F2A200482FFE /* touchID.app */ = {isa = PBXFileReference; explicitFileType = wrapper.application; includeInIndex = 0; path = touchID.app; sourceTree = BUILT_PRODUCTS_DIR; };
		DFB45B871F68F2A200482FFE /* AppDelegate.swift */ = {isa = PBXFileReference; lastKnownFileType = sourcecode.swift; path = AppDelegate.swift; sourceTree = "<group>"; };
		DFB45B891F68F2A200482FFE /* ViewController.swift */ = {isa = PBXFileReference; lastKnownFileType = sourcecode.swift; path = ViewController.swift; sourceTree = "<group>"; };
		DFB45B8C1F68F2A200482FFE /* Base */ = {isa = PBXFileReference; lastKnownFileType = file.storyboard; name = Base; path = Base.lproj/Main.storyboard; sourceTree = "<group>"; };
		DFB45B8E1F68F2A200482FFE /* Assets.xcassets */ = {isa = PBXFileReference; lastKnownFileType = folder.assetcatalog; path = Assets.xcassets; sourceTree = "<group>"; };
		DFB45B911F68F2A200482FFE /* Base */ = {isa = PBXFileReference; lastKnownFileType = file.storyboard; name = Base; path = Base.lproj/LaunchScreen.storyboard; sourceTree = "<group>"; };
		DFB45B931F68F2A200482FFE /* Info.plist */ = {isa = PBXFileReference; lastKnownFileType = text.plist.xml; path = Info.plist; sourceTree = "<group>"; };
/* End PBXFileReference section */

/* Begin PBXFrameworksBuildPhase section */
		DFB45B811F68F2A200482FFE /* Frameworks */ = {
			isa = PBXFrameworksBuildPhase;
			buildActionMask = 2147483647;
			files = (
			);
			runOnlyForDeploymentPostprocessing = 0;
		};
/* End PBXFrameworksBuildPhase section */

/* Begin PBXGroup section */
		DFB45B7B1F68F2A200482FFE = {
			isa = PBXGroup;
			children = (
				DFB45B861F68F2A200482FFE /* touchID */,
				DFB45B851F68F2A200482FFE /* Products */,
			);
			sourceTree = "<group>";
		};
		DFB45B851F68F2A200482FFE /* Products */ = {
			isa = PBXGroup;
			children = (
				DFB45B841F68F2A200482FFE /* touchID.app */,
			);
			name = Products;
			sourceTree = "<group>";
		};
		DFB45B861F68F2A200482FFE /* touchID */ = {
			isa = PBXGroup;
			children = (
				DFB45B871F68F2A200482FFE /* AppDelegate.swift */,
				DFB45B891F68F2A200482FFE /* ViewController.swift */,
				DFB45B8B1F68F2A200482FFE /* Main.storyboard */,
				DFB45B8E1F68F2A200482FFE /* Assets.xcassets */,
				DFB45B901F68F2A200482FFE /* LaunchScreen.storyboard */,
				DFB45B931F68F2A200482FFE /* Info.plist */,
			);
			path = touchID;
			sourceTree = "<group>";
		};
/* End PBXGroup section */

/* Begin PBXNativeTarget section */
		DFB45B831F68F2A200482FFE /* touchID */ = {
			isa = PBXNativeTarget;
			buildConfigurationList = DFB45B961F68F2A200482FFE /* Build configuration list for PBXNativeTarget "touchID" */;
			buildPhases = (
				DFB45B801F68F2A200482FFE /* Sources */,
				DFB45B811F68F2A200482FFE /* Frameworks */,
				DFB45B821F68F2A200482FFE /* Resources */,
			);
			buildRules = (
			);
			dependencies = (
			);
			name = touchID;
			productName = touchID;
			productReference = DFB45B841F68F2A200482FFE /* touchID.app */;
			productType = "com.apple.product-type.application";
		};
/* End PBXNativeTarget section */

/* Begin PBXProject section */
		DFB45B7C1F68F2A200482FFE /* Project object */ = {
			isa = PBXProject;
			attributes = {
				LastSwiftUpdateCheck = 0830;
				LastUpgradeCheck = 0830;
				ORGANIZATIONNAME = antonio;
				TargetAttributes = {
					DFB45B831F68F2A200482FFE = {
						CreatedOnToolsVersion = 8.3.2;
						DevelopmentTeam = FNHVX5WLT3;
						ProvisioningStyle = Automatic;
					};
				};
			};
			buildConfigurationList = DFB45B7F1F68F2A200482FFE /* Build configuration list for PBXProject "touchID" */;
			compatibilityVersion = "Xcode 3.2";
			developmentRegion = English;
			hasScannedForEncodings = 0;
			knownRegions = (
				en,
				Base,
			);
			mainGroup = DFB45B7B1F68F2A200482FFE;
			productRefGroup = DFB45B851F68F2A200482FFE /* Products */;
			projectDirPath = "";
			projectRoot = "";
			targets = (
				DFB45B831F68F2A200482FFE /* touchID */,
			);
		};
/* End PBXProject section */

/* Begin PBXResourcesBuildPhase section */
		DFB45B821F68F2A200482FFE /* Resources */ = {
			isa = PBXResourcesBuildPhase;
			buildActionMask = 2147483647;
			files = (
				DFB45B921F68F2A200482FFE /* LaunchScreen.storyboard in Resources */,
				DFB45B8F1F68F2A200482FFE /* Assets.xcassets in Resources */,
				DFB45B8D1F68F2A200482FFE /* Main.storyboard in Resources */,
			);
			runOnlyForDeploymentPostprocessing = 0;
		};
/* End PBXResourcesBuildPhase section */

/* Begin PBXSourcesBuildPhase section */
		DFB45B801F68F2A200482FFE /* Sources */ = {
			isa = PBXSourcesBuildPhase;
			buildActionMask = 2147483647;
			files = (
				DFB45B8A1F68F2A200482FFE /* ViewController.swift in Sources */,
				DFB45B881F68F2A200482FFE /* AppDelegate.swift in Sources */,
			);
			runOnlyForDeploymentPostprocessing = 0;
		};
/* End PBXSourcesBuildPhase section */

/* Begin PBXVariantGroup section */
		DFB45B8B1F68F2A200482FFE /* Main.storyboard */ = {
			isa = PBXVariantGroup;
			children = (
				DFB45B8C1F68F2A200482FFE /* Base */,
			);
			name = Main.storyboard;
			sourceTree = "<group>";
		};
		DFB45B901F68F2A200482FFE /* LaunchScreen.storyboard */ = {
			isa = PBXVariantGroup;
			children = (
				DFB45B911F68F2A200482FFE /* Base */,
			);
			name = LaunchScreen.storyboard;
			sourceTree = "<group>";
		};
/* End PBXVariantGroup section */

/* Begin XCBuildConfiguration section */
		DFB45B941F68F2A200482FFE /* Debug */ = {
			isa = XCBuildConfiguration;
			buildSettings = {
				ALWAYS_SEARCH_USER_PATHS = NO;
				CLANG_ANALYZER_NONNULL = YES;
				CLANG_ANALYZER_NUMBER_OBJECT_CONVERSION = YES_AGGRESSIVE;
				CLANG_CXX_LANGUAGE_STANDARD = "gnu++0x";
				CLANG_CXX_LIBRARY = "libc++";
				CLANG_ENABLE_MODULES = YES;
				CLANG_ENABLE_OBJC_ARC = YES;
				CLANG_WARN_BOOL_CONVERSION = YES;
				CLANG_WARN_CONSTANT_CONVERSION = YES;
				CLANG_WARN_DIRECT_OBJC_ISA_USAGE = YES_ERROR;
				CLANG_WARN_DOCUMENTATION_COMMENTS = YES;
				CLANG_WARN_EMPTY_BODY = YES;
				CLANG_WARN_ENUM_CONVERSION = YES;
				CLANG_WARN_INFINITE_RECURSION = YES;
				CLANG_WARN_INT_CONVERSION = YES;
				CLANG_WARN_OBJC_ROOT_CLASS = YES_ERROR;
				CLANG_WARN_SUSPICIOUS_MOVE = YES;
				CLANG_WARN_UNREACHABLE_CODE = YES;
				CLANG_WARN__DUPLICATE_METHOD_MATCH = YES;
				"CODE_SIGN_IDENTITY[sdk=iphoneos*]" = "iPhone Developer";
				COPY_PHASE_STRIP = NO;
				DEBUG_INFORMATION_FORMAT = dwarf;
				ENABLE_STRICT_OBJC_MSGSEND = YES;
				ENABLE_TESTABILITY = YES;
				GCC_C_LANGUAGE_STANDARD = gnu99;
				GCC_DYNAMIC_NO_PIC = NO;
				GCC_NO_COMMON_BLOCKS = YES;
				GCC_OPTIMIZATION_LEVEL = 0;
				GCC_PREPROCESSOR_DEFINITIONS = (
					"DEBUG=1",
					"$(inherited)",
				);
				GCC_WARN_64_TO_32_BIT_CONVERSION = YES;
				GCC_WARN_ABOUT_RETURN_TYPE = YES_ERROR;
				GCC_WARN_UNDECLARED_SELECTOR = YES;
				GCC_WARN_UNINITIALIZED_AUTOS = YES_AGGRESSIVE;
				GCC_WARN_UNUSED_FUNCTION = YES;
				GCC_WARN_UNUSED_VARIABLE = YES;
				IPHONEOS_DEPLOYMENT_TARGET = 10.3;
				MTL_ENABLE_DEBUG_INFO = YES;
				ONLY_ACTIVE_ARCH = YES;
				SDKROOT = iphoneos;
				SWIFT_ACTIVE_COMPILATION_CONDITIONS = DEBUG;
				SWIFT_OPTIMIZATION_LEVEL = "-Onone";
			};
			name = Debug;
		};
		DFB45B951F68F2A200482FFE /* Release */ = {
			isa = XCBuildConfiguration;
			buildSettings = {
				ALWAYS_SEARCH_USER_PATHS = NO;
				CLANG_ANALYZER_NONNULL = YES;
				CLANG_ANALYZER_NUMBER_OBJECT_CONVERSION = YES_AGGRESSIVE;
				CLANG_CXX_LANGUAGE_STANDARD = "gnu++0x";
				CLANG_CXX_LIBRARY = "libc++";
				CLANG_ENABLE_MODULES = YES;
				CLANG_ENABLE_OBJC_ARC = YES;
				CLANG_WARN_BOOL_CONVERSION = YES;
				CLANG_WARN_CONSTANT_CONVERSION = YES;
				CLANG_WARN_DIRECT_OBJC_ISA_USAGE = YES_ERROR;
				CLANG_WARN_DOCUMENTATION_COMMENTS = YES;
				CLANG_WARN_EMPTY_BODY = YES;
				CLANG_WARN_ENUM_CONVERSION = YES;
				CLANG_WARN_INFINITE_RECURSION = YES;
				CLANG_WARN_INT_CONVERSION = YES;
				CLANG_WARN_OBJC_ROOT_CLASS = YES_ERROR;
				CLANG_WARN_SUSPICIOUS_MOVE = YES;
				CLANG_WARN_UNREACHABLE_CODE = YES;
				CLANG_WARN__DUPLICATE_METHOD_MATCH = YES;
				"CODE_SIGN_IDENTITY[sdk=iphoneos*]" = "iPhone Developer";
				COPY_PHASE_STRIP = NO;
				DEBUG_INFORMATION_FORMAT = "dwarf-with-dsym";
				ENABLE_NS_ASSERTIONS = NO;
				ENABLE_STRICT_OBJC_MSGSEND = YES;
				GCC_C_LANGUAGE_STANDARD = gnu99;
				GCC_NO_COMMON_BLOCKS = YES;
				GCC_WARN_64_TO_32_BIT_CONVERSION = YES;
				GCC_WARN_ABOUT_RETURN_TYPE = YES_ERROR;
				GCC_WARN_UNDECLARED_SELECTOR = YES;
				GCC_WARN_UNINITIALIZED_AUTOS = YES_AGGRESSIVE;
				GCC_WARN_UNUSED_FUNCTION = YES;
				GCC_WARN_UNUSED_VARIABLE = YES;
				IPHONEOS_DEPLOYMENT_TARGET = 10.3;
				MTL_ENABLE_DEBUG_INFO = NO;
				SDKROOT = iphoneos;
				SWIFT_OPTIMIZATION_LEVEL = "-Owholemodule";
				VALIDATE_PRODUCT = YES;
			};
			name = Release;
		};
		DFB45B971F68F2A200482FFE /* Debug */ = {
			isa = XCBuildConfiguration;
			buildSettings = {
				ASSETCATALOG_COMPILER_APPICON_NAME = AppIcon;
				DEVELOPMENT_TEAM = FNHVX5WLT3;
				INFOPLIST_FILE = touchID/Info.plist;
				LD_RUNPATH_SEARCH_PATHS = "$(inherited) @executable_path/Frameworks";
				PRODUCT_BUNDLE_IDENTIFIER = ulsa.touchID;
				PRODUCT_NAME = "$(TARGET_NAME)";
				SWIFT_VERSION = 3.0;
			};
			name = Debug;
		};
		DFB45B981F68F2A200482FFE /* Release */ = {
			isa = XCBuildConfiguration;
			buildSettings = {
				ASSETCATALOG_COMPILER_APPICON_NAME = AppIcon;
				DEVELOPMENT_TEAM = FNHVX5WLT3;
				INFOPLIST_FILE = touchID/Info.plist;
				LD_RUNPATH_SEARCH_PATHS = "$(inherited) @executable_path/Frameworks";
				PRODUCT_BUNDLE_IDENTIFIER = ulsa.touchID;
				PRODUCT_NAME = "$(TARGET_NAME)";
				SWIFT_VERSION = 3.0;
			};
			name = Release;
		};
/* End XCBuildConfiguration section */

/* Begin XCConfigurationList section */
		DFB45B7F1F68F2A200482FFE /* Build configuration list for PBXProject "touchID" */ = {
			isa = XCConfigurationList;
			buildConfigurations = (
				DFB45B941F68F2A200482FFE /* Debug */,
				DFB45B951F68F2A200482FFE /* Release */,
			);
			defaultConfigurationIsVisible = 0;
			defaultConfigurationName = Release;
		};
		DFB45B961F68F2A200482FFE /* Build configuration list for PBXNativeTarget "touchID" */ = {
			isa = XCConfigurationList;
			buildConfigurations = (
				DFB45B971F68F2A200482FFE /* Debug */,
				DFB45B981F68F2A200482FFE /* Release */,
			);
			defaultConfigurationIsVisible = 0;
		};
/* End XCConfigurationList section */
	};
	rootObject = DFB45B7C1F68F2A200482FFE /* Project object */;
}
